// !$*UTF8*$!
{
	archiveVersion = 1;
	classes = {
	};
	objectVersion = 55;
	objects = {

/* Begin PBXBuildFile section */
		635A230228B37E3C00AF2036 /* LoginButton.swift in Sources */ = {isa = PBXBuildFile; fileRef = 635A230128B37E3C00AF2036 /* LoginButton.swift */; };
		6389145928AF7AD800301765 /* LoginVC.swift in Sources */ = {isa = PBXBuildFile; fileRef = 6389145828AF7AD800301765 /* LoginVC.swift */; };
		6389145B28AF886400301765 /* PhoneNumberView.swift in Sources */ = {isa = PBXBuildFile; fileRef = 6389145A28AF886400301765 /* PhoneNumberView.swift */; };
		6389145E28AF9DED00301765 /* PasswordView.swift in Sources */ = {isa = PBXBuildFile; fileRef = 6389145D28AF9DED00301765 /* PasswordView.swift */; };
		63ABEB5628AF693B002DB46B /* AppDelegate.swift in Sources */ = {isa = PBXBuildFile; fileRef = 63ABEB5528AF693B002DB46B /* AppDelegate.swift */; };
		63ABEB5D28AF693B002DB46B /* Main.storyboard in Resources */ = {isa = PBXBuildFile; fileRef = 63ABEB5B28AF693B002DB46B /* Main.storyboard */; };
		63ABEB5F28AF693D002DB46B /* Assets.xcassets in Resources */ = {isa = PBXBuildFile; fileRef = 63ABEB5E28AF693D002DB46B /* Assets.xcassets */; };
		63ABEB6228AF693D002DB46B /* LaunchScreen.storyboard in Resources */ = {isa = PBXBuildFile; fileRef = 63ABEB6028AF693D002DB46B /* LaunchScreen.storyboard */; };
		63BF321128B4CB65003C94FA /* ForgetPassViewController.swift in Sources */ = {isa = PBXBuildFile; fileRef = 63BF321028B4CB65003C94FA /* ForgetPassViewController.swift */; };
/* End PBXBuildFile section */

/* Begin PBXFileReference section */
		635A230128B37E3C00AF2036 /* LoginButton.swift */ = {isa = PBXFileReference; lastKnownFileType = sourcecode.swift; path = LoginButton.swift; sourceTree = "<group>"; };
		6389145828AF7AD800301765 /* LoginVC.swift */ = {isa = PBXFileReference; lastKnownFileType = sourcecode.swift; path = LoginVC.swift; sourceTree = "<group>"; };
		6389145A28AF886400301765 /* PhoneNumberView.swift */ = {isa = PBXFileReference; lastKnownFileType = sourcecode.swift; path = PhoneNumberView.swift; sourceTree = "<group>"; };
		6389145D28AF9DED00301765 /* PasswordView.swift */ = {isa = PBXFileReference; lastKnownFileType = sourcecode.swift; path = PasswordView.swift; sourceTree = "<group>"; };
		63ABEB5228AF693B002DB46B /* project.app */ = {isa = PBXFileReference; explicitFileType = wrapper.application; includeInIndex = 0; path = project.app; sourceTree = BUILT_PRODUCTS_DIR; };
		63ABEB5528AF693B002DB46B /* AppDelegate.swift */ = {isa = PBXFileReference; lastKnownFileType = sourcecode.swift; path = AppDelegate.swift; sourceTree = "<group>"; };
		63ABEB5C28AF693B002DB46B /* Base */ = {isa = PBXFileReference; lastKnownFileType = file.storyboard; name = Base; path = Base.lproj/Main.storyboard; sourceTree = "<group>"; };
		63ABEB5E28AF693D002DB46B /* Assets.xcassets */ = {isa = PBXFileReference; lastKnownFileType = folder.assetcatalog; path = Assets.xcassets; sourceTree = "<group>"; };
		63ABEB6128AF693D002DB46B /* Base */ = {isa = PBXFileReference; lastKnownFileType = file.storyboard; name = Base; path = Base.lproj/LaunchScreen.storyboard; sourceTree = "<group>"; };
		63ABEB6328AF693D002DB46B /* Info.plist */ = {isa = PBXFileReference; lastKnownFileType = text.plist.xml; path = Info.plist; sourceTree = "<group>"; };
		63BF321028B4CB65003C94FA /* ForgetPassViewController.swift */ = {isa = PBXFileReference; lastKnownFileType = sourcecode.swift; path = ForgetPassViewController.swift; sourceTree = "<group>"; };
/* End PBXFileReference section */

/* Begin PBXFrameworksBuildPhase section */
		63ABEB4F28AF693B002DB46B /* Frameworks */ = {
			isa = PBXFrameworksBuildPhase;
			buildActionMask = 2147483647;
			files = (
			);
			runOnlyForDeploymentPostprocessing = 0;
		};
/* End PBXFrameworksBuildPhase section */

/* Begin PBXGroup section */
		635A230028B37DF900AF2036 /* Component */ = {
			isa = PBXGroup;
			children = (
				6389145D28AF9DED00301765 /* PasswordView.swift */,
				635A230128B37E3C00AF2036 /* LoginButton.swift */,
			);
			path = Component;
			sourceTree = "<group>";
		};
		6389145728AF7A7F00301765 /* Auth */ = {
			isa = PBXGroup;
			children = (
				63BF320F28B4CB05003C94FA /* ForgetPassword */,
				635A230028B37DF900AF2036 /* Component */,
				6389145828AF7AD800301765 /* LoginVC.swift */,
			);
			path = Auth;
			sourceTree = "<group>";
		};
		6389145C28AF98F700301765 /* Component */ = {
			isa = PBXGroup;
			children = (
				6389145A28AF886400301765 /* PhoneNumberView.swift */,
			);
			path = Component;
			sourceTree = "<group>";
		};
		63ABEB4928AF693B002DB46B = {
			isa = PBXGroup;
			children = (
				63ABEB5428AF693B002DB46B /* project */,
				63ABEB5328AF693B002DB46B /* Products */,
			);
			sourceTree = "<group>";
		};
		63ABEB5328AF693B002DB46B /* Products */ = {
			isa = PBXGroup;
			children = (
				63ABEB5228AF693B002DB46B /* project.app */,
			);
			name = Products;
			sourceTree = "<group>";
		};
		63ABEB5428AF693B002DB46B /* project */ = {
			isa = PBXGroup;
			children = (
				6389145C28AF98F700301765 /* Component */,
				6389145728AF7A7F00301765 /* Auth */,
				63ABEB5528AF693B002DB46B /* AppDelegate.swift */,
				63ABEB5B28AF693B002DB46B /* Main.storyboard */,
				63ABEB5E28AF693D002DB46B /* Assets.xcassets */,
				63ABEB6028AF693D002DB46B /* LaunchScreen.storyboard */,
				63ABEB6328AF693D002DB46B /* Info.plist */,
			);
			path = project;
			sourceTree = "<group>";
		};
		63BF320F28B4CB05003C94FA /* ForgetPassword */ = {
			isa = PBXGroup;
			children = (
				63BF321028B4CB65003C94FA /* ForgetPassViewController.swift */,
			);
			path = ForgetPassword;
			sourceTree = "<group>";
		};
/* End PBXGroup section */

/* Begin PBXNativeTarget section */
		63ABEB5128AF693B002DB46B /* project */ = {
			isa = PBXNativeTarget;
			buildConfigurationList = 63ABEB6628AF693D002DB46B /* Build configuration list for PBXNativeTarget "project" */;
			buildPhases = (
				63ABEB4E28AF693B002DB46B /* Sources */,
				63ABEB4F28AF693B002DB46B /* Frameworks */,
				63ABEB5028AF693B002DB46B /* Resources */,
			);
			buildRules = (
			);
			dependencies = (
			);
			name = project;
			productName = project;
			productReference = 63ABEB5228AF693B002DB46B /* project.app */;
			productType = "com.apple.product-type.application";
		};
/* End PBXNativeTarget section */

/* Begin PBXProject section */
		63ABEB4A28AF693B002DB46B /* Project object */ = {
			isa = PBXProject;
			attributes = {
				BuildIndependentTargetsInParallel = 1;
				LastSwiftUpdateCheck = 1340;
				LastUpgradeCheck = 1340;
				TargetAttributes = {
					63ABEB5128AF693B002DB46B = {
						CreatedOnToolsVersion = 13.4.1;
					};
				};
			};
			buildConfigurationList = 63ABEB4D28AF693B002DB46B /* Build configuration list for PBXProject "project" */;
			compatibilityVersion = "Xcode 13.0";
			developmentRegion = en;
			hasScannedForEncodings = 0;
			knownRegions = (
				en,
				Base,
			);
			mainGroup = 63ABEB4928AF693B002DB46B;
			productRefGroup = 63ABEB5328AF693B002DB46B /* Products */;
			projectDirPath = "";
			projectRoot = "";
			targets = (
				63ABEB5128AF693B002DB46B /* project */,
			);
		};
/* End PBXProject section */

/* Begin PBXResourcesBuildPhase section */
		63ABEB5028AF693B002DB46B /* Resources */ = {
			isa = PBXResourcesBuildPhase;
			buildActionMask = 2147483647;
			files = (
				63ABEB6228AF693D002DB46B /* LaunchScreen.storyboard in Resources */,
				63ABEB5F28AF693D002DB46B /* Assets.xcassets in Resources */,
				63ABEB5D28AF693B002DB46B /* Main.storyboard in Resources */,
			);
			runOnlyForDeploymentPostprocessing = 0;
		};
/* End PBXResourcesBuildPhase section */

/* Begin PBXSourcesBuildPhase section */
		63ABEB4E28AF693B002DB46B /* Sources */ = {
			isa = PBXSourcesBuildPhase;
			buildActionMask = 2147483647;
			files = (
				6389145928AF7AD800301765 /* LoginVC.swift in Sources */,
				635A230228B37E3C00AF2036 /* LoginButton.swift in Sources */,
				63BF321128B4CB65003C94FA /* ForgetPassViewController.swift in Sources */,
				6389145B28AF886400301765 /* PhoneNumberView.swift in Sources */,
				6389145E28AF9DED00301765 /* PasswordView.swift in Sources */,
				63ABEB5628AF693B002DB46B /* AppDelegate.swift in Sources */,
			);
			runOnlyForDeploymentPostprocessing = 0;
		};
/* End PBXSourcesBuildPhase section */

/* Begin PBXVariantGroup section */
		63ABEB5B28AF693B002DB46B /* Main.storyboard */ = {
			isa = PBXVariantGroup;
			children = (
				63ABEB5C28AF693B002DB46B /* Base */,
			);
			name = Main.storyboard;
			sourceTree = "<group>";
		};
		63ABEB6028AF693D002DB46B /* LaunchScreen.storyboard */ = {
			isa = PBXVariantGroup;
			children = (
				63ABEB6128AF693D002DB46B /* Base */,
			);
			name = LaunchScreen.storyboard;
			sourceTree = "<group>";
		};
/* End PBXVariantGroup section */

/* Begin XCBuildConfiguration section */
		63ABEB6428AF693D002DB46B /* Debug */ = {
			isa = XCBuildConfiguration;
			buildSettings = {
				ALWAYS_SEARCH_USER_PATHS = NO;
				CLANG_ANALYZER_NONNULL = YES;
				CLANG_ANALYZER_NUMBER_OBJECT_CONVERSION = YES_AGGRESSIVE;
				CLANG_CXX_LANGUAGE_STANDARD = "gnu++17";
				CLANG_ENABLE_MODULES = YES;
				CLANG_ENABLE_OBJC_ARC = YES;
				CLANG_ENABLE_OBJC_WEAK = YES;
				CLANG_WARN_BLOCK_CAPTURE_AUTORELEASING = YES;
				CLANG_WARN_BOOL_CONVERSION = YES;
				CLANG_WARN_COMMA = YES;
				CLANG_WARN_CONSTANT_CONVERSION = YES;
				CLANG_WARN_DEPRECATED_OBJC_IMPLEMENTATIONS = YES;
				CLANG_WARN_DIRECT_OBJC_ISA_USAGE = YES_ERROR;
				CLANG_WARN_DOCUMENTATION_COMMENTS = YES;
				CLANG_WARN_EMPTY_BODY = YES;
				CLANG_WARN_ENUM_CONVERSION = YES;
				CLANG_WARN_INFINITE_RECURSION = YES;
				CLANG_WARN_INT_CONVERSION = YES;
				CLANG_WARN_NON_LITERAL_NULL_CONVERSION = YES;
				CLANG_WARN_OBJC_IMPLICIT_RETAIN_SELF = YES;
				CLANG_WARN_OBJC_LITERAL_CONVERSION = YES;
				CLANG_WARN_OBJC_ROOT_CLASS = YES_ERROR;
				CLANG_WARN_QUOTED_INCLUDE_IN_FRAMEWORK_HEADER = YES;
				CLANG_WARN_RANGE_LOOP_ANALYSIS = YES;
				CLANG_WARN_STRICT_PROTOTYPES = YES;
				CLANG_WARN_SUSPICIOUS_MOVE = YES;
				CLANG_WARN_UNGUARDED_AVAILABILITY = YES_AGGRESSIVE;
				CLANG_WARN_UNREACHABLE_CODE = YES;
				CLANG_WARN__DUPLICATE_METHOD_MATCH = YES;
				COPY_PHASE_STRIP = NO;
				DEBUG_INFORMATION_FORMAT = dwarf;
				ENABLE_STRICT_OBJC_MSGSEND = YES;
				ENABLE_TESTABILITY = YES;
				GCC_C_LANGUAGE_STANDARD = gnu11;
				GCC_DYNAMIC_NO_PIC = NO;
				GCC_NO_COMMON_BLOCKS = YES;
				GCC_OPTIMIZATION_LEVEL = 0;
				GCC_PREPROCESSOR_DEFINITIONS = (
					"DEBUG=1",
					"$(inherited)",
				);
				GCC_WARN_64_TO_32_BIT_CONVERSION = YES;
				GCC_WARN_ABOUT_RETURN_TYPE = YES_ERROR;
				GCC_WARN_UNDECLARED_SELECTOR = YES;
				GCC_WARN_UNINITIALIZED_AUTOS = YES_AGGRESSIVE;
				GCC_WARN_UNUSED_FUNCTION = YES;
				GCC_WARN_UNUSED_VARIABLE = YES;
				IPHONEOS_DEPLOYMENT_TARGET = 15.5;
				MTL_ENABLE_DEBUG_INFO = INCLUDE_SOURCE;
				MTL_FAST_MATH = YES;
				ONLY_ACTIVE_ARCH = YES;
				SDKROOT = iphoneos;
				SWIFT_ACTIVE_COMPILATION_CONDITIONS = DEBUG;
				SWIFT_OPTIMIZATION_LEVEL = "-Onone";
			};
			name = Debug;
		};
		63ABEB6528AF693D002DB46B /* Release */ = {
			isa = XCBuildConfiguration;
			buildSettings = {
				ALWAYS_SEARCH_USER_PATHS = NO;
				CLANG_ANALYZER_NONNULL = YES;
				CLANG_ANALYZER_NUMBER_OBJECT_CONVERSION = YES_AGGRESSIVE;
				CLANG_CXX_LANGUAGE_STANDARD = "gnu++17";
				CLANG_ENABLE_MODULES = YES;
				CLANG_ENABLE_OBJC_ARC = YES;
				CLANG_ENABLE_OBJC_WEAK = YES;
				CLANG_WARN_BLOCK_CAPTURE_AUTORELEASING = YES;
				CLANG_WARN_BOOL_CONVERSION = YES;
				CLANG_WARN_COMMA = YES;
				CLANG_WARN_CONSTANT_CONVERSION = YES;
				CLANG_WARN_DEPRECATED_OBJC_IMPLEMENTATIONS = YES;
				CLANG_WARN_DIRECT_OBJC_ISA_USAGE = YES_ERROR;
				CLANG_WARN_DOCUMENTATION_COMMENTS = YES;
				CLANG_WARN_EMPTY_BODY = YES;
				CLANG_WARN_ENUM_CONVERSION = YES;
				CLANG_WARN_INFINITE_RECURSION = YES;
				CLANG_WARN_INT_CONVERSION = YES;
				CLANG_WARN_NON_LITERAL_NULL_CONVERSION = YES;
				CLANG_WARN_OBJC_IMPLICIT_RETAIN_SELF = YES;
				CLANG_WARN_OBJC_LITERAL_CONVERSION = YES;
				CLANG_WARN_OBJC_ROOT_CLASS = YES_ERROR;
				CLANG_WARN_QUOTED_INCLUDE_IN_FRAMEWORK_HEADER = YES;
				CLANG_WARN_RANGE_LOOP_ANALYSIS = YES;
				CLANG_WARN_STRICT_PROTOTYPES = YES;
				CLANG_WARN_SUSPICIOUS_MOVE = YES;
				CLANG_WARN_UNGUARDED_AVAILABILITY = YES_AGGRESSIVE;
				CLANG_WARN_UNREACHABLE_CODE = YES;
				CLANG_WARN__DUPLICATE_METHOD_MATCH = YES;
				COPY_PHASE_STRIP = NO;
				DEBUG_INFORMATION_FORMAT = "dwarf-with-dsym";
				ENABLE_NS_ASSERTIONS = NO;
				ENABLE_STRICT_OBJC_MSGSEND = YES;
				GCC_C_LANGUAGE_STANDARD = gnu11;
				GCC_NO_COMMON_BLOCKS = YES;
				GCC_WARN_64_TO_32_BIT_CONVERSION = YES;
				GCC_WARN_ABOUT_RETURN_TYPE = YES_ERROR;
				GCC_WARN_UNDECLARED_SELECTOR = YES;
				GCC_WARN_UNINITIALIZED_AUTOS = YES_AGGRESSIVE;
				GCC_WARN_UNUSED_FUNCTION = YES;
				GCC_WARN_UNUSED_VARIABLE = YES;
				IPHONEOS_DEPLOYMENT_TARGET = 15.5;
				MTL_ENABLE_DEBUG_INFO = NO;
				MTL_FAST_MATH = YES;
				SDKROOT = iphoneos;
				SWIFT_COMPILATION_MODE = wholemodule;
				SWIFT_OPTIMIZATION_LEVEL = "-O";
				VALIDATE_PRODUCT = YES;
			};
			name = Release;
		};
		63ABEB6728AF693D002DB46B /* Debug */ = {
			isa = XCBuildConfiguration;
			buildSettings = {
				ASSETCATALOG_COMPILER_APPICON_NAME = AppIcon;
				ASSETCATALOG_COMPILER_GLOBAL_ACCENT_COLOR_NAME = AccentColor;
				CODE_SIGN_STYLE = Automatic;
				CURRENT_PROJECT_VERSION = 1;
				GENERATE_INFOPLIST_FILE = YES;
				INFOPLIST_FILE = project/Info.plist;
				INFOPLIST_KEY_UIApplicationSupportsIndirectInputEvents = YES;
				INFOPLIST_KEY_UILaunchStoryboardName = LaunchScreen;
				INFOPLIST_KEY_UIMainStoryboardFile = Main;
				INFOPLIST_KEY_UISupportedInterfaceOrientations_iPad = "UIInterfaceOrientationPortrait UIInterfaceOrientationPortraitUpsideDown UIInterfaceOrientationLandscapeLeft UIInterfaceOrientationLandscapeRight";
				INFOPLIST_KEY_UISupportedInterfaceOrientations_iPhone = "UIInterfaceOrientationPortrait UIInterfaceOrientationLandscapeLeft UIInterfaceOrientationLandscapeRight";
				LD_RUNPATH_SEARCH_PATHS = (
					"$(inherited)",
					"@executable_path/Frameworks",
				);
				MARKETING_VERSION = 1.0;
				PRODUCT_BUNDLE_IDENTIFIER = com.martin.project;
				PRODUCT_NAME = "$(TARGET_NAME)";
				SWIFT_EMIT_LOC_STRINGS = YES;
				SWIFT_VERSION = 5.0;
				TARGETED_DEVICE_FAMILY = "1,2";
			};
			name = Debug;
		};
		63ABEB6828AF693D002DB46B /* Release */ = {
			isa = XCBuildConfiguration;
			buildSettings = {
				ASSETCATALOG_COMPILER_APPICON_NAME = AppIcon;
				ASSETCATALOG_COMPILER_GLOBAL_ACCENT_COLOR_NAME = AccentColor;
				CODE_SIGN_STYLE = Automatic;
				CURRENT_PROJECT_VERSION = 1;
				GENERATE_INFOPLIST_FILE = YES;
				INFOPLIST_FILE = project/Info.plist;
				INFOPLIST_KEY_UIApplicationSupportsIndirectInputEvents = YES;
				INFOPLIST_KEY_UILaunchStoryboardName = LaunchScreen;
				INFOPLIST_KEY_UIMainStoryboardFile = Main;
				INFOPLIST_KEY_UISupportedInterfaceOrientations_iPad = "UIInterfaceOrientationPortrait UIInterfaceOrientationPortraitUpsideDown UIInterfaceOrientationLandscapeLeft UIInterfaceOrientationLandscapeRight";
				INFOPLIST_KEY_UISupportedInterfaceOrientations_iPhone = "UIInterfaceOrientationPortrait UIInterfaceOrientationLandscapeLeft UIInterfaceOrientationLandscapeRight";
				LD_RUNPATH_SEARCH_PATHS = (
					"$(inherited)",
					"@executable_path/Frameworks",
				);
				MARKETING_VERSION = 1.0;
				PRODUCT_BUNDLE_IDENTIFIER = com.martin.project;
				PRODUCT_NAME = "$(TARGET_NAME)";
				SWIFT_EMIT_LOC_STRINGS = YES;
				SWIFT_VERSION = 5.0;
				TARGETED_DEVICE_FAMILY = "1,2";
			};
			name = Release;
		};
/* End XCBuildConfiguration section */

/* Begin XCConfigurationList section */
		63ABEB4D28AF693B002DB46B /* Build configuration list for PBXProject "project" */ = {
			isa = XCConfigurationList;
			buildConfigurations = (
				63ABEB6428AF693D002DB46B /* Debug */,
				63ABEB6528AF693D002DB46B /* Release */,
			);
			defaultConfigurationIsVisible = 0;
			defaultConfigurationName = Release;
		};
		63ABEB6628AF693D002DB46B /* Build configuration list for PBXNativeTarget "project" */ = {
			isa = XCConfigurationList;
			buildConfigurations = (
				63ABEB6728AF693D002DB46B /* Debug */,
				63ABEB6828AF693D002DB46B /* Release */,
			);
			defaultConfigurationIsVisible = 0;
			defaultConfigurationName = Release;
		};
/* End XCConfigurationList section */
	};
	rootObject = 63ABEB4A28AF693B002DB46B /* Project object */;
}
